
Microsoft Visual Studio Solution File, Format Version 11.00
# Visual Studio 2010
Project("{FAE04EC0-301F-11D3-BF4B-00C04F79EFBC}") = "KinectModules", "KinectModules\KinectModules.csproj", "{452A037A-1D7B-4C4E-B0E1-E0546DC620BC}"
EndProject
Global
	GlobalSection(SolutionConfigurationPlatforms) = preSolution
		Debug|Any CPU = Debug|Any CPU
		Release|Any CPU = Release|Any CPU
	EndGlobalSection
	GlobalSection(ProjectConfigurationPlatforms) = postSolution
		{452A037A-1D7B-4C4E-B0E1-E0546DC620BC}.Debug|Any CPU.ActiveCfg = Debug|Any CPU
		{452A037A-1D7B-4C4E-B0E1-E0546DC620BC}.Debug|Any CPU.Build.0 = Debug|Any CPU
		{452A037A-1D7B-4C4E-B0E1-E0546DC620BC}.Release|Any CPU.ActiveCfg = Release|Any CPU
		{452A037A-1D7B-4C4E-B0E1-E0546DC620BC}.Release|Any CPU.Build.0 = Release|Any CPU
	EndGlobalSection
	GlobalSection(SolutionProperties) = preSolution
		HideSolutionNode = FALSE
	EndGlobalSection
EndGlobal
