
Microsoft Visual Studio Solution File, Format Version 11.00
# Visual Studio 2010
Project("{FAE04EC0-301F-11D3-BF4B-00C04F79EFBC}") = "PhoneModules", "..\Modules\PhoneModules\PhoneModules.csproj", "{DB944580-0C17-4BE7-984F-AE17171A4C7A}"
EndProject
Project("{FAE04EC0-301F-11D3-BF4B-00C04F79EFBC}") = "PhoneServerHelper", "..\Modules\PhoneModules\PhoneServerHelper\PhoneServerHelper.csproj", "{0A8D6298-E5E2-4E78-AFE5-9364C2BF9024}"
EndProject
Global
	GlobalSection(SolutionConfigurationPlatforms) = preSolution
		Debug|Any CPU = Debug|Any CPU
		Debug|Mixed Platforms = Debug|Mixed Platforms
		Debug|x86 = Debug|x86
		Release|Any CPU = Release|Any CPU
		Release|Mixed Platforms = Release|Mixed Platforms
		Release|x86 = Release|x86
	EndGlobalSection
	GlobalSection(ProjectConfigurationPlatforms) = postSolution
		{DB944580-0C17-4BE7-984F-AE17171A4C7A}.Debug|Any CPU.ActiveCfg = Debug|Any CPU
		{DB944580-0C17-4BE7-984F-AE17171A4C7A}.Debug|Any CPU.Build.0 = Debug|Any CPU
		{DB944580-0C17-4BE7-984F-AE17171A4C7A}.Debug|Mixed Platforms.ActiveCfg = Debug|Any CPU
		{DB944580-0C17-4BE7-984F-AE17171A4C7A}.Debug|Mixed Platforms.Build.0 = Debug|Any CPU
		{DB944580-0C17-4BE7-984F-AE17171A4C7A}.Debug|x86.ActiveCfg = Debug|Any CPU
		{DB944580-0C17-4BE7-984F-AE17171A4C7A}.Release|Any CPU.ActiveCfg = Release|Any CPU
		{DB944580-0C17-4BE7-984F-AE17171A4C7A}.Release|Any CPU.Build.0 = Release|Any CPU
		{DB944580-0C17-4BE7-984F-AE17171A4C7A}.Release|Mixed Platforms.ActiveCfg = Release|Any CPU
		{DB944580-0C17-4BE7-984F-AE17171A4C7A}.Release|Mixed Platforms.Build.0 = Release|Any CPU
		{DB944580-0C17-4BE7-984F-AE17171A4C7A}.Release|x86.ActiveCfg = Release|Any CPU
		{0A8D6298-E5E2-4E78-AFE5-9364C2BF9024}.Debug|Any CPU.ActiveCfg = Debug|x86
		{0A8D6298-E5E2-4E78-AFE5-9364C2BF9024}.Debug|Mixed Platforms.ActiveCfg = Debug|x86
		{0A8D6298-E5E2-4E78-AFE5-9364C2BF9024}.Debug|Mixed Platforms.Build.0 = Debug|x86
		{0A8D6298-E5E2-4E78-AFE5-9364C2BF9024}.Debug|x86.ActiveCfg = Debug|x86
		{0A8D6298-E5E2-4E78-AFE5-9364C2BF9024}.Debug|x86.Build.0 = Debug|x86
		{0A8D6298-E5E2-4E78-AFE5-9364C2BF9024}.Release|Any CPU.ActiveCfg = Release|x86
		{0A8D6298-E5E2-4E78-AFE5-9364C2BF9024}.Release|Mixed Platforms.ActiveCfg = Release|x86
		{0A8D6298-E5E2-4E78-AFE5-9364C2BF9024}.Release|Mixed Platforms.Build.0 = Release|x86
		{0A8D6298-E5E2-4E78-AFE5-9364C2BF9024}.Release|x86.ActiveCfg = Release|x86
		{0A8D6298-E5E2-4E78-AFE5-9364C2BF9024}.Release|x86.Build.0 = Release|x86
	EndGlobalSection
	GlobalSection(SolutionProperties) = preSolution
		HideSolutionNode = FALSE
	EndGlobalSection
EndGlobal
