
Microsoft Visual Studio Solution File, Format Version 11.00
# Visual Studio 2010
Project("{FAE04EC0-301F-11D3-BF4B-00C04F79EFBC}") = "WindowModules", "..\Modules\WindowModules\WindowModules.csproj", "{D62B7AA2-1D1C-4C37-B45E-E762A7AF0E90}"
EndProject
Global
	GlobalSection(SolutionConfigurationPlatforms) = preSolution
		Debug|Any CPU = Debug|Any CPU
		Release|Any CPU = Release|Any CPU
	EndGlobalSection
	GlobalSection(ProjectConfigurationPlatforms) = postSolution
		{D62B7AA2-1D1C-4C37-B45E-E762A7AF0E90}.Debug|Any CPU.ActiveCfg = Debug|Any CPU
		{D62B7AA2-1D1C-4C37-B45E-E762A7AF0E90}.Debug|Any CPU.Build.0 = Debug|Any CPU
		{D62B7AA2-1D1C-4C37-B45E-E762A7AF0E90}.Release|Any CPU.ActiveCfg = Release|Any CPU
		{D62B7AA2-1D1C-4C37-B45E-E762A7AF0E90}.Release|Any CPU.Build.0 = Release|Any CPU
	EndGlobalSection
	GlobalSection(SolutionProperties) = preSolution
		HideSolutionNode = FALSE
	EndGlobalSection
EndGlobal
