
Microsoft Visual Studio Solution File, Format Version 11.00
# Visual Studio 2010
Project("{FAE04EC0-301F-11D3-BF4B-00C04F79EFBC}") = "MayhemCore", "MayhemCore\MayhemCore.csproj", "{F2267792-04A9-4FAF-ABBC-4ADFD68881F4}"
EndProject
Project("{FAE04EC0-301F-11D3-BF4B-00C04F79EFBC}") = "ArduinoModules", "Modules\ArduinoModules\ArduinoModules.csproj", "{2BC67C14-10D8-48C1-B1E3-B9C06EFD7029}"
	ProjectSection(ProjectDependencies) = postProject
		{F2267792-04A9-4FAF-ABBC-4ADFD68881F4} = {F2267792-04A9-4FAF-ABBC-4ADFD68881F4}
	EndProjectSection
EndProject
Project("{FAE04EC0-301F-11D3-BF4B-00C04F79EFBC}") = "DefaultModules", "Modules\DefaultModules\DefaultModules.csproj", "{21F131F9-56F2-4339-A625-EDB4A3F086D1}"
EndProject
Project("{FAE04EC0-301F-11D3-BF4B-00C04F79EFBC}") = "MayhemOpenCVWrapper", "Modules\MayhemOpenCVWrapper\MayhemOpenCVWrapper.csproj", "{B04222E3-9FC3-4827-A40F-8AE68CABB834}"
EndProject
Project("{FAE04EC0-301F-11D3-BF4B-00C04F79EFBC}") = "MayhemSerial", "Modules\MayhemSerial\MayhemSerial.csproj", "{EB69EA74-75DB-4171-858A-B4BC4F6857E6}"
	ProjectSection(ProjectDependencies) = postProject
		{F2267792-04A9-4FAF-ABBC-4ADFD68881F4} = {F2267792-04A9-4FAF-ABBC-4ADFD68881F4}
	EndProjectSection
EndProject
Project("{FAE04EC0-301F-11D3-BF4B-00C04F79EFBC}") = "OfficeModules", "Modules\OfficeModules\OfficeModules.csproj", "{760C6B5A-5259-453B-BFF4-1AC6F8C8193C}"
EndProject
Project("{FAE04EC0-301F-11D3-BF4B-00C04F79EFBC}") = "PhidgetModules", "Modules\PhidgetModules\PhidgetModules.csproj", "{2BAE1E42-8103-43DB-B9E6-5828B45FE746}"
EndProject
Project("{FAE04EC0-301F-11D3-BF4B-00C04F79EFBC}") = "PhoneModules", "Modules\PhoneModules\PhoneModules.csproj", "{DB944580-0C17-4BE7-984F-AE17171A4C7A}"
EndProject
Project("{FAE04EC0-301F-11D3-BF4B-00C04F79EFBC}") = "VisionModules", "Modules\VisionModules\VisionModules.csproj", "{40B64A39-4ADD-492C-994A-9C28B4E59A88}"
EndProject
Project("{FAE04EC0-301F-11D3-BF4B-00C04F79EFBC}") = "WindowModules", "Modules\WindowModules\WindowModules.csproj", "{D62B7AA2-1D1C-4C37-B45E-E762A7AF0E90}"
EndProject
Project("{FAE04EC0-301F-11D3-BF4B-00C04F79EFBC}") = "InsteonAndX10Modules", "Modules\X10Modules\InsteonAndX10Modules.csproj", "{FA6E0A6F-9595-4F47-9866-0B6D21483B5B}"
	ProjectSection(ProjectDependencies) = postProject
		{F2267792-04A9-4FAF-ABBC-4ADFD68881F4} = {F2267792-04A9-4FAF-ABBC-4ADFD68881F4}
	EndProjectSection
EndProject
Project("{FAE04EC0-301F-11D3-BF4B-00C04F79EFBC}") = "XboxModules", "Modules\XboxModules\XboxModules.csproj", "{40F3228B-D4A1-42D0-AABF-E48451D31806}"
EndProject
Project("{2150E333-8FDC-42A3-9474-1A3956D46DE8}") = "Modules", "Modules", "{8F5D6C03-303F-4E19-B396-0B9198056910}"
EndProject
Project("{FAE04EC0-301F-11D3-BF4B-00C04F79EFBC}") = "Mayhem", "Mayhem\Mayhem.csproj", "{0538D384-4C18-4ADC-A235-30C1B1C29AD0}"
EndProject
Project("{FAE04EC0-301F-11D3-BF4B-00C04F79EFBC}") = "MayhemWpf", "MayhemWpf\MayhemWpf.csproj", "{EDE63213-1EC8-4CDF-A782-AA20C73D26F8}"
EndProject
Project("{FAE04EC0-301F-11D3-BF4B-00C04F79EFBC}") = "PhoneServerHelper", "Modules\PhoneModules\PhoneServerHelper\PhoneServerHelper.csproj", "{0A8D6298-E5E2-4E78-AFE5-9364C2BF9024}"
EndProject
Project("{FAE04EC0-301F-11D3-BF4B-00C04F79EFBC}") = "TemplateModules", "Modules\TemplateModules\TemplateModules.csproj", "{B94FDED3-00F2-43F0-9298-111273721BA4}"
EndProject
Project("{FAE04EC0-301F-11D3-BF4B-00C04F79EFBC}") = "DebugModules", "Modules\DebugModules\DebugModules.csproj", "{6F53CF8A-F8FF-418D-AC5B-09786340D4B2}"
EndProject
Project("{FAE04EC0-301F-11D3-BF4B-00C04F79EFBC}") = "KinectModules", "Modules\KinectModules\KinectModules.csproj", "{452A037A-1D7B-4C4E-B0E1-E0546DC620BC}"
EndProject
Global
	GlobalSection(SolutionConfigurationPlatforms) = preSolution
		Debug|Any CPU = Debug|Any CPU
		Debug|Mixed Platforms = Debug|Mixed Platforms
		Debug|Win32 = Debug|Win32
		Debug|x86 = Debug|x86
		Release|Any CPU = Release|Any CPU
		Release|Mixed Platforms = Release|Mixed Platforms
		Release|Win32 = Release|Win32
		Release|x86 = Release|x86
	EndGlobalSection
	GlobalSection(ProjectConfigurationPlatforms) = postSolution
		{F2267792-04A9-4FAF-ABBC-4ADFD68881F4}.Debug|Any CPU.ActiveCfg = Debug|Any CPU
		{F2267792-04A9-4FAF-ABBC-4ADFD68881F4}.Debug|Any CPU.Build.0 = Debug|Any CPU
		{F2267792-04A9-4FAF-ABBC-4ADFD68881F4}.Debug|Mixed Platforms.ActiveCfg = Debug|Any CPU
		{F2267792-04A9-4FAF-ABBC-4ADFD68881F4}.Debug|Mixed Platforms.Build.0 = Debug|Any CPU
		{F2267792-04A9-4FAF-ABBC-4ADFD68881F4}.Debug|Win32.ActiveCfg = Debug|Any CPU
		{F2267792-04A9-4FAF-ABBC-4ADFD68881F4}.Debug|x86.ActiveCfg = Debug|Any CPU
		{F2267792-04A9-4FAF-ABBC-4ADFD68881F4}.Release|Any CPU.ActiveCfg = Release|Any CPU
		{F2267792-04A9-4FAF-ABBC-4ADFD68881F4}.Release|Any CPU.Build.0 = Release|Any CPU
		{F2267792-04A9-4FAF-ABBC-4ADFD68881F4}.Release|Mixed Platforms.ActiveCfg = Release|Any CPU
		{F2267792-04A9-4FAF-ABBC-4ADFD68881F4}.Release|Mixed Platforms.Build.0 = Release|Any CPU
		{F2267792-04A9-4FAF-ABBC-4ADFD68881F4}.Release|Win32.ActiveCfg = Release|Any CPU
		{F2267792-04A9-4FAF-ABBC-4ADFD68881F4}.Release|x86.ActiveCfg = Release|Any CPU
		{2BC67C14-10D8-48C1-B1E3-B9C06EFD7029}.Debug|Any CPU.ActiveCfg = Debug|Any CPU
		{2BC67C14-10D8-48C1-B1E3-B9C06EFD7029}.Debug|Any CPU.Build.0 = Debug|Any CPU
		{2BC67C14-10D8-48C1-B1E3-B9C06EFD7029}.Debug|Mixed Platforms.ActiveCfg = Debug|Any CPU
		{2BC67C14-10D8-48C1-B1E3-B9C06EFD7029}.Debug|Mixed Platforms.Build.0 = Debug|Any CPU
		{2BC67C14-10D8-48C1-B1E3-B9C06EFD7029}.Debug|Win32.ActiveCfg = Debug|Any CPU
		{2BC67C14-10D8-48C1-B1E3-B9C06EFD7029}.Debug|x86.ActiveCfg = Debug|Any CPU
		{2BC67C14-10D8-48C1-B1E3-B9C06EFD7029}.Release|Any CPU.ActiveCfg = Release|Any CPU
		{2BC67C14-10D8-48C1-B1E3-B9C06EFD7029}.Release|Any CPU.Build.0 = Release|Any CPU
		{2BC67C14-10D8-48C1-B1E3-B9C06EFD7029}.Release|Mixed Platforms.ActiveCfg = Release|Any CPU
		{2BC67C14-10D8-48C1-B1E3-B9C06EFD7029}.Release|Mixed Platforms.Build.0 = Release|Any CPU
		{2BC67C14-10D8-48C1-B1E3-B9C06EFD7029}.Release|Win32.ActiveCfg = Release|Any CPU
		{2BC67C14-10D8-48C1-B1E3-B9C06EFD7029}.Release|x86.ActiveCfg = Release|Any CPU
		{21F131F9-56F2-4339-A625-EDB4A3F086D1}.Debug|Any CPU.ActiveCfg = Debug|Any CPU
		{21F131F9-56F2-4339-A625-EDB4A3F086D1}.Debug|Any CPU.Build.0 = Debug|Any CPU
		{21F131F9-56F2-4339-A625-EDB4A3F086D1}.Debug|Mixed Platforms.ActiveCfg = Debug|Any CPU
		{21F131F9-56F2-4339-A625-EDB4A3F086D1}.Debug|Mixed Platforms.Build.0 = Debug|Any CPU
		{21F131F9-56F2-4339-A625-EDB4A3F086D1}.Debug|Win32.ActiveCfg = Debug|Any CPU
		{21F131F9-56F2-4339-A625-EDB4A3F086D1}.Debug|x86.ActiveCfg = Debug|Any CPU
		{21F131F9-56F2-4339-A625-EDB4A3F086D1}.Release|Any CPU.ActiveCfg = Release|Any CPU
		{21F131F9-56F2-4339-A625-EDB4A3F086D1}.Release|Any CPU.Build.0 = Release|Any CPU
		{21F131F9-56F2-4339-A625-EDB4A3F086D1}.Release|Mixed Platforms.ActiveCfg = Release|Any CPU
		{21F131F9-56F2-4339-A625-EDB4A3F086D1}.Release|Mixed Platforms.Build.0 = Release|Any CPU
		{21F131F9-56F2-4339-A625-EDB4A3F086D1}.Release|Win32.ActiveCfg = Release|Any CPU
		{21F131F9-56F2-4339-A625-EDB4A3F086D1}.Release|x86.ActiveCfg = Release|Any CPU
		{B04222E3-9FC3-4827-A40F-8AE68CABB834}.Debug|Any CPU.ActiveCfg = Debug|Any CPU
		{B04222E3-9FC3-4827-A40F-8AE68CABB834}.Debug|Any CPU.Build.0 = Debug|Any CPU
		{B04222E3-9FC3-4827-A40F-8AE68CABB834}.Debug|Mixed Platforms.ActiveCfg = Debug|Any CPU
		{B04222E3-9FC3-4827-A40F-8AE68CABB834}.Debug|Mixed Platforms.Build.0 = Debug|Any CPU
		{B04222E3-9FC3-4827-A40F-8AE68CABB834}.Debug|Win32.ActiveCfg = Debug|Any CPU
		{B04222E3-9FC3-4827-A40F-8AE68CABB834}.Debug|x86.ActiveCfg = Debug|Any CPU
		{B04222E3-9FC3-4827-A40F-8AE68CABB834}.Release|Any CPU.ActiveCfg = Release|Any CPU
		{B04222E3-9FC3-4827-A40F-8AE68CABB834}.Release|Any CPU.Build.0 = Release|Any CPU
		{B04222E3-9FC3-4827-A40F-8AE68CABB834}.Release|Mixed Platforms.ActiveCfg = Release|Any CPU
		{B04222E3-9FC3-4827-A40F-8AE68CABB834}.Release|Mixed Platforms.Build.0 = Release|Any CPU
		{B04222E3-9FC3-4827-A40F-8AE68CABB834}.Release|Win32.ActiveCfg = Release|Any CPU
		{B04222E3-9FC3-4827-A40F-8AE68CABB834}.Release|x86.ActiveCfg = Release|Any CPU
		{EB69EA74-75DB-4171-858A-B4BC4F6857E6}.Debug|Any CPU.ActiveCfg = Debug|Any CPU
		{EB69EA74-75DB-4171-858A-B4BC4F6857E6}.Debug|Any CPU.Build.0 = Debug|Any CPU
		{EB69EA74-75DB-4171-858A-B4BC4F6857E6}.Debug|Mixed Platforms.ActiveCfg = Debug|Any CPU
		{EB69EA74-75DB-4171-858A-B4BC4F6857E6}.Debug|Mixed Platforms.Build.0 = Debug|Any CPU
		{EB69EA74-75DB-4171-858A-B4BC4F6857E6}.Debug|Win32.ActiveCfg = Debug|Any CPU
		{EB69EA74-75DB-4171-858A-B4BC4F6857E6}.Debug|x86.ActiveCfg = Debug|Any CPU
		{EB69EA74-75DB-4171-858A-B4BC4F6857E6}.Release|Any CPU.ActiveCfg = Release|Any CPU
		{EB69EA74-75DB-4171-858A-B4BC4F6857E6}.Release|Any CPU.Build.0 = Release|Any CPU
		{EB69EA74-75DB-4171-858A-B4BC4F6857E6}.Release|Mixed Platforms.ActiveCfg = Release|Any CPU
		{EB69EA74-75DB-4171-858A-B4BC4F6857E6}.Release|Mixed Platforms.Build.0 = Release|Any CPU
		{EB69EA74-75DB-4171-858A-B4BC4F6857E6}.Release|Win32.ActiveCfg = Release|Any CPU
		{EB69EA74-75DB-4171-858A-B4BC4F6857E6}.Release|x86.ActiveCfg = Release|Any CPU
		{760C6B5A-5259-453B-BFF4-1AC6F8C8193C}.Debug|Any CPU.ActiveCfg = Debug|Any CPU
		{760C6B5A-5259-453B-BFF4-1AC6F8C8193C}.Debug|Any CPU.Build.0 = Debug|Any CPU
		{760C6B5A-5259-453B-BFF4-1AC6F8C8193C}.Debug|Mixed Platforms.ActiveCfg = Debug|Any CPU
		{760C6B5A-5259-453B-BFF4-1AC6F8C8193C}.Debug|Mixed Platforms.Build.0 = Debug|Any CPU
		{760C6B5A-5259-453B-BFF4-1AC6F8C8193C}.Debug|Win32.ActiveCfg = Debug|Any CPU
		{760C6B5A-5259-453B-BFF4-1AC6F8C8193C}.Debug|x86.ActiveCfg = Debug|Any CPU
		{760C6B5A-5259-453B-BFF4-1AC6F8C8193C}.Release|Any CPU.ActiveCfg = Release|Any CPU
		{760C6B5A-5259-453B-BFF4-1AC6F8C8193C}.Release|Any CPU.Build.0 = Release|Any CPU
		{760C6B5A-5259-453B-BFF4-1AC6F8C8193C}.Release|Mixed Platforms.ActiveCfg = Release|Any CPU
		{760C6B5A-5259-453B-BFF4-1AC6F8C8193C}.Release|Mixed Platforms.Build.0 = Release|Any CPU
		{760C6B5A-5259-453B-BFF4-1AC6F8C8193C}.Release|Win32.ActiveCfg = Release|Any CPU
		{760C6B5A-5259-453B-BFF4-1AC6F8C8193C}.Release|x86.ActiveCfg = Release|Any CPU
		{2BAE1E42-8103-43DB-B9E6-5828B45FE746}.Debug|Any CPU.ActiveCfg = Debug|Any CPU
		{2BAE1E42-8103-43DB-B9E6-5828B45FE746}.Debug|Any CPU.Build.0 = Debug|Any CPU
		{2BAE1E42-8103-43DB-B9E6-5828B45FE746}.Debug|Mixed Platforms.ActiveCfg = Debug|Any CPU
		{2BAE1E42-8103-43DB-B9E6-5828B45FE746}.Debug|Mixed Platforms.Build.0 = Debug|Any CPU
		{2BAE1E42-8103-43DB-B9E6-5828B45FE746}.Debug|Win32.ActiveCfg = Debug|Any CPU
		{2BAE1E42-8103-43DB-B9E6-5828B45FE746}.Debug|x86.ActiveCfg = Debug|Any CPU
		{2BAE1E42-8103-43DB-B9E6-5828B45FE746}.Release|Any CPU.ActiveCfg = Release|Any CPU
		{2BAE1E42-8103-43DB-B9E6-5828B45FE746}.Release|Any CPU.Build.0 = Release|Any CPU
		{2BAE1E42-8103-43DB-B9E6-5828B45FE746}.Release|Mixed Platforms.ActiveCfg = Release|Any CPU
		{2BAE1E42-8103-43DB-B9E6-5828B45FE746}.Release|Mixed Platforms.Build.0 = Release|Any CPU
		{2BAE1E42-8103-43DB-B9E6-5828B45FE746}.Release|Win32.ActiveCfg = Release|Any CPU
		{2BAE1E42-8103-43DB-B9E6-5828B45FE746}.Release|x86.ActiveCfg = Release|Any CPU
		{DB944580-0C17-4BE7-984F-AE17171A4C7A}.Debug|Any CPU.ActiveCfg = Debug|Any CPU
		{DB944580-0C17-4BE7-984F-AE17171A4C7A}.Debug|Any CPU.Build.0 = Debug|Any CPU
		{DB944580-0C17-4BE7-984F-AE17171A4C7A}.Debug|Mixed Platforms.ActiveCfg = Debug|Any CPU
		{DB944580-0C17-4BE7-984F-AE17171A4C7A}.Debug|Mixed Platforms.Build.0 = Debug|Any CPU
		{DB944580-0C17-4BE7-984F-AE17171A4C7A}.Debug|Win32.ActiveCfg = Debug|Any CPU
		{DB944580-0C17-4BE7-984F-AE17171A4C7A}.Debug|x86.ActiveCfg = Debug|Any CPU
		{DB944580-0C17-4BE7-984F-AE17171A4C7A}.Release|Any CPU.ActiveCfg = Release|Any CPU
		{DB944580-0C17-4BE7-984F-AE17171A4C7A}.Release|Any CPU.Build.0 = Release|Any CPU
		{DB944580-0C17-4BE7-984F-AE17171A4C7A}.Release|Mixed Platforms.ActiveCfg = Release|Any CPU
		{DB944580-0C17-4BE7-984F-AE17171A4C7A}.Release|Mixed Platforms.Build.0 = Release|Any CPU
		{DB944580-0C17-4BE7-984F-AE17171A4C7A}.Release|Win32.ActiveCfg = Release|Any CPU
		{DB944580-0C17-4BE7-984F-AE17171A4C7A}.Release|x86.ActiveCfg = Release|Any CPU
		{40B64A39-4ADD-492C-994A-9C28B4E59A88}.Debug|Any CPU.ActiveCfg = Debug|Any CPU
		{40B64A39-4ADD-492C-994A-9C28B4E59A88}.Debug|Any CPU.Build.0 = Debug|Any CPU
		{40B64A39-4ADD-492C-994A-9C28B4E59A88}.Debug|Mixed Platforms.ActiveCfg = Debug|Any CPU
		{40B64A39-4ADD-492C-994A-9C28B4E59A88}.Debug|Mixed Platforms.Build.0 = Debug|Any CPU
		{40B64A39-4ADD-492C-994A-9C28B4E59A88}.Debug|Win32.ActiveCfg = Debug|Any CPU
		{40B64A39-4ADD-492C-994A-9C28B4E59A88}.Debug|x86.ActiveCfg = Debug|Any CPU
		{40B64A39-4ADD-492C-994A-9C28B4E59A88}.Release|Any CPU.ActiveCfg = Release|Any CPU
		{40B64A39-4ADD-492C-994A-9C28B4E59A88}.Release|Any CPU.Build.0 = Release|Any CPU
		{40B64A39-4ADD-492C-994A-9C28B4E59A88}.Release|Mixed Platforms.ActiveCfg = Release|Any CPU
		{40B64A39-4ADD-492C-994A-9C28B4E59A88}.Release|Mixed Platforms.Build.0 = Release|Any CPU
		{40B64A39-4ADD-492C-994A-9C28B4E59A88}.Release|Win32.ActiveCfg = Release|Any CPU
		{40B64A39-4ADD-492C-994A-9C28B4E59A88}.Release|x86.ActiveCfg = Release|Any CPU
		{D62B7AA2-1D1C-4C37-B45E-E762A7AF0E90}.Debug|Any CPU.ActiveCfg = Debug|Any CPU
		{D62B7AA2-1D1C-4C37-B45E-E762A7AF0E90}.Debug|Any CPU.Build.0 = Debug|Any CPU
		{D62B7AA2-1D1C-4C37-B45E-E762A7AF0E90}.Debug|Mixed Platforms.ActiveCfg = Debug|Any CPU
		{D62B7AA2-1D1C-4C37-B45E-E762A7AF0E90}.Debug|Mixed Platforms.Build.0 = Debug|Any CPU
		{D62B7AA2-1D1C-4C37-B45E-E762A7AF0E90}.Debug|Win32.ActiveCfg = Debug|Any CPU
		{D62B7AA2-1D1C-4C37-B45E-E762A7AF0E90}.Debug|x86.ActiveCfg = Debug|Any CPU
		{D62B7AA2-1D1C-4C37-B45E-E762A7AF0E90}.Release|Any CPU.ActiveCfg = Release|Any CPU
		{D62B7AA2-1D1C-4C37-B45E-E762A7AF0E90}.Release|Any CPU.Build.0 = Release|Any CPU
		{D62B7AA2-1D1C-4C37-B45E-E762A7AF0E90}.Release|Mixed Platforms.ActiveCfg = Release|Any CPU
		{D62B7AA2-1D1C-4C37-B45E-E762A7AF0E90}.Release|Mixed Platforms.Build.0 = Release|Any CPU
		{D62B7AA2-1D1C-4C37-B45E-E762A7AF0E90}.Release|Win32.ActiveCfg = Release|Any CPU
		{D62B7AA2-1D1C-4C37-B45E-E762A7AF0E90}.Release|x86.ActiveCfg = Release|Any CPU
		{FA6E0A6F-9595-4F47-9866-0B6D21483B5B}.Debug|Any CPU.ActiveCfg = Debug|Any CPU
		{FA6E0A6F-9595-4F47-9866-0B6D21483B5B}.Debug|Any CPU.Build.0 = Debug|Any CPU
		{FA6E0A6F-9595-4F47-9866-0B6D21483B5B}.Debug|Mixed Platforms.ActiveCfg = Debug|Any CPU
		{FA6E0A6F-9595-4F47-9866-0B6D21483B5B}.Debug|Mixed Platforms.Build.0 = Debug|Any CPU
		{FA6E0A6F-9595-4F47-9866-0B6D21483B5B}.Debug|Win32.ActiveCfg = Debug|Any CPU
		{FA6E0A6F-9595-4F47-9866-0B6D21483B5B}.Debug|x86.ActiveCfg = Debug|Any CPU
		{FA6E0A6F-9595-4F47-9866-0B6D21483B5B}.Release|Any CPU.ActiveCfg = Release|Any CPU
		{FA6E0A6F-9595-4F47-9866-0B6D21483B5B}.Release|Any CPU.Build.0 = Release|Any CPU
		{FA6E0A6F-9595-4F47-9866-0B6D21483B5B}.Release|Mixed Platforms.ActiveCfg = Release|Any CPU
		{FA6E0A6F-9595-4F47-9866-0B6D21483B5B}.Release|Mixed Platforms.Build.0 = Release|Any CPU
		{FA6E0A6F-9595-4F47-9866-0B6D21483B5B}.Release|Win32.ActiveCfg = Release|Any CPU
		{FA6E0A6F-9595-4F47-9866-0B6D21483B5B}.Release|x86.ActiveCfg = Release|Any CPU
		{40F3228B-D4A1-42D0-AABF-E48451D31806}.Debug|Any CPU.ActiveCfg = Debug|Any CPU
		{40F3228B-D4A1-42D0-AABF-E48451D31806}.Debug|Any CPU.Build.0 = Debug|Any CPU
		{40F3228B-D4A1-42D0-AABF-E48451D31806}.Debug|Mixed Platforms.ActiveCfg = Debug|Any CPU
		{40F3228B-D4A1-42D0-AABF-E48451D31806}.Debug|Mixed Platforms.Build.0 = Debug|Any CPU
		{40F3228B-D4A1-42D0-AABF-E48451D31806}.Debug|Win32.ActiveCfg = Debug|Any CPU
		{40F3228B-D4A1-42D0-AABF-E48451D31806}.Debug|x86.ActiveCfg = Debug|Any CPU
		{40F3228B-D4A1-42D0-AABF-E48451D31806}.Release|Any CPU.ActiveCfg = Release|Any CPU
		{40F3228B-D4A1-42D0-AABF-E48451D31806}.Release|Any CPU.Build.0 = Release|Any CPU
		{40F3228B-D4A1-42D0-AABF-E48451D31806}.Release|Mixed Platforms.ActiveCfg = Release|Any CPU
		{40F3228B-D4A1-42D0-AABF-E48451D31806}.Release|Mixed Platforms.Build.0 = Release|Any CPU
		{40F3228B-D4A1-42D0-AABF-E48451D31806}.Release|Win32.ActiveCfg = Release|Any CPU
		{40F3228B-D4A1-42D0-AABF-E48451D31806}.Release|x86.ActiveCfg = Release|Any CPU
		{0538D384-4C18-4ADC-A235-30C1B1C29AD0}.Debug|Any CPU.ActiveCfg = Debug|x86
		{0538D384-4C18-4ADC-A235-30C1B1C29AD0}.Debug|Mixed Platforms.ActiveCfg = Debug|x86
		{0538D384-4C18-4ADC-A235-30C1B1C29AD0}.Debug|Mixed Platforms.Build.0 = Debug|x86
		{0538D384-4C18-4ADC-A235-30C1B1C29AD0}.Debug|Win32.ActiveCfg = Debug|x86
		{0538D384-4C18-4ADC-A235-30C1B1C29AD0}.Debug|x86.ActiveCfg = Debug|x86
		{0538D384-4C18-4ADC-A235-30C1B1C29AD0}.Debug|x86.Build.0 = Debug|x86
		{0538D384-4C18-4ADC-A235-30C1B1C29AD0}.Release|Any CPU.ActiveCfg = Release|x86
		{0538D384-4C18-4ADC-A235-30C1B1C29AD0}.Release|Mixed Platforms.ActiveCfg = Release|x86
		{0538D384-4C18-4ADC-A235-30C1B1C29AD0}.Release|Mixed Platforms.Build.0 = Release|x86
		{0538D384-4C18-4ADC-A235-30C1B1C29AD0}.Release|Win32.ActiveCfg = Release|x86
		{0538D384-4C18-4ADC-A235-30C1B1C29AD0}.Release|x86.ActiveCfg = Release|x86
		{0538D384-4C18-4ADC-A235-30C1B1C29AD0}.Release|x86.Build.0 = Release|x86
		{EDE63213-1EC8-4CDF-A782-AA20C73D26F8}.Debug|Any CPU.ActiveCfg = Debug|Any CPU
		{EDE63213-1EC8-4CDF-A782-AA20C73D26F8}.Debug|Any CPU.Build.0 = Debug|Any CPU
		{EDE63213-1EC8-4CDF-A782-AA20C73D26F8}.Debug|Mixed Platforms.ActiveCfg = Debug|Any CPU
		{EDE63213-1EC8-4CDF-A782-AA20C73D26F8}.Debug|Mixed Platforms.Build.0 = Debug|Any CPU
		{EDE63213-1EC8-4CDF-A782-AA20C73D26F8}.Debug|Win32.ActiveCfg = Debug|Any CPU
		{EDE63213-1EC8-4CDF-A782-AA20C73D26F8}.Debug|x86.ActiveCfg = Debug|Any CPU
		{EDE63213-1EC8-4CDF-A782-AA20C73D26F8}.Release|Any CPU.ActiveCfg = Release|Any CPU
		{EDE63213-1EC8-4CDF-A782-AA20C73D26F8}.Release|Any CPU.Build.0 = Release|Any CPU
		{EDE63213-1EC8-4CDF-A782-AA20C73D26F8}.Release|Mixed Platforms.ActiveCfg = Release|Any CPU
		{EDE63213-1EC8-4CDF-A782-AA20C73D26F8}.Release|Mixed Platforms.Build.0 = Release|Any CPU
		{EDE63213-1EC8-4CDF-A782-AA20C73D26F8}.Release|Win32.ActiveCfg = Release|Any CPU
		{EDE63213-1EC8-4CDF-A782-AA20C73D26F8}.Release|x86.ActiveCfg = Release|Any CPU
		{0A8D6298-E5E2-4E78-AFE5-9364C2BF9024}.Debug|Any CPU.ActiveCfg = Debug|x86
		{0A8D6298-E5E2-4E78-AFE5-9364C2BF9024}.Debug|Mixed Platforms.ActiveCfg = Debug|x86
		{0A8D6298-E5E2-4E78-AFE5-9364C2BF9024}.Debug|Mixed Platforms.Build.0 = Debug|x86
		{0A8D6298-E5E2-4E78-AFE5-9364C2BF9024}.Debug|Win32.ActiveCfg = Debug|x86
		{0A8D6298-E5E2-4E78-AFE5-9364C2BF9024}.Debug|x86.ActiveCfg = Debug|x86
		{0A8D6298-E5E2-4E78-AFE5-9364C2BF9024}.Debug|x86.Build.0 = Debug|x86
		{0A8D6298-E5E2-4E78-AFE5-9364C2BF9024}.Release|Any CPU.ActiveCfg = Release|x86
		{0A8D6298-E5E2-4E78-AFE5-9364C2BF9024}.Release|Mixed Platforms.ActiveCfg = Release|x86
		{0A8D6298-E5E2-4E78-AFE5-9364C2BF9024}.Release|Mixed Platforms.Build.0 = Release|x86
		{0A8D6298-E5E2-4E78-AFE5-9364C2BF9024}.Release|Win32.ActiveCfg = Release|x86
		{0A8D6298-E5E2-4E78-AFE5-9364C2BF9024}.Release|x86.ActiveCfg = Release|x86
		{0A8D6298-E5E2-4E78-AFE5-9364C2BF9024}.Release|x86.Build.0 = Release|x86
		{B94FDED3-00F2-43F0-9298-111273721BA4}.Debug|Any CPU.ActiveCfg = Debug|Any CPU
		{B94FDED3-00F2-43F0-9298-111273721BA4}.Debug|Any CPU.Build.0 = Debug|Any CPU
		{B94FDED3-00F2-43F0-9298-111273721BA4}.Debug|Mixed Platforms.ActiveCfg = Debug|Any CPU
		{B94FDED3-00F2-43F0-9298-111273721BA4}.Debug|Mixed Platforms.Build.0 = Debug|Any CPU
		{B94FDED3-00F2-43F0-9298-111273721BA4}.Debug|Win32.ActiveCfg = Debug|Any CPU
		{B94FDED3-00F2-43F0-9298-111273721BA4}.Debug|x86.ActiveCfg = Debug|Any CPU
		{B94FDED3-00F2-43F0-9298-111273721BA4}.Release|Any CPU.ActiveCfg = Release|Any CPU
		{B94FDED3-00F2-43F0-9298-111273721BA4}.Release|Any CPU.Build.0 = Release|Any CPU
		{B94FDED3-00F2-43F0-9298-111273721BA4}.Release|Mixed Platforms.ActiveCfg = Release|Any CPU
		{B94FDED3-00F2-43F0-9298-111273721BA4}.Release|Mixed Platforms.Build.0 = Release|Any CPU
		{B94FDED3-00F2-43F0-9298-111273721BA4}.Release|Win32.ActiveCfg = Release|Any CPU
		{B94FDED3-00F2-43F0-9298-111273721BA4}.Release|x86.ActiveCfg = Release|Any CPU
		{6F53CF8A-F8FF-418D-AC5B-09786340D4B2}.Debug|Any CPU.ActiveCfg = Debug|Any CPU
		{6F53CF8A-F8FF-418D-AC5B-09786340D4B2}.Debug|Any CPU.Build.0 = Debug|Any CPU
		{6F53CF8A-F8FF-418D-AC5B-09786340D4B2}.Debug|Mixed Platforms.ActiveCfg = Debug|Any CPU
		{6F53CF8A-F8FF-418D-AC5B-09786340D4B2}.Debug|Mixed Platforms.Build.0 = Debug|Any CPU
		{6F53CF8A-F8FF-418D-AC5B-09786340D4B2}.Debug|Win32.ActiveCfg = Debug|Any CPU
		{6F53CF8A-F8FF-418D-AC5B-09786340D4B2}.Debug|x86.ActiveCfg = Debug|Any CPU
		{6F53CF8A-F8FF-418D-AC5B-09786340D4B2}.Release|Any CPU.ActiveCfg = Release|Any CPU
		{6F53CF8A-F8FF-418D-AC5B-09786340D4B2}.Release|Any CPU.Build.0 = Release|Any CPU
		{6F53CF8A-F8FF-418D-AC5B-09786340D4B2}.Release|Mixed Platforms.ActiveCfg = Release|Any CPU
		{6F53CF8A-F8FF-418D-AC5B-09786340D4B2}.Release|Mixed Platforms.Build.0 = Release|Any CPU
		{6F53CF8A-F8FF-418D-AC5B-09786340D4B2}.Release|Win32.ActiveCfg = Release|Any CPU
		{6F53CF8A-F8FF-418D-AC5B-09786340D4B2}.Release|x86.ActiveCfg = Release|Any CPU
		{452A037A-1D7B-4C4E-B0E1-E0546DC620BC}.Debug|Any CPU.ActiveCfg = Debug|Any CPU
		{452A037A-1D7B-4C4E-B0E1-E0546DC620BC}.Debug|Any CPU.Build.0 = Debug|Any CPU
		{452A037A-1D7B-4C4E-B0E1-E0546DC620BC}.Debug|Mixed Platforms.ActiveCfg = Debug|Any CPU
		{452A037A-1D7B-4C4E-B0E1-E0546DC620BC}.Debug|Mixed Platforms.Build.0 = Debug|Any CPU
		{452A037A-1D7B-4C4E-B0E1-E0546DC620BC}.Debug|Win32.ActiveCfg = Debug|Any CPU
		{452A037A-1D7B-4C4E-B0E1-E0546DC620BC}.Debug|x86.ActiveCfg = Debug|Any CPU
		{452A037A-1D7B-4C4E-B0E1-E0546DC620BC}.Release|Any CPU.ActiveCfg = Release|Any CPU
		{452A037A-1D7B-4C4E-B0E1-E0546DC620BC}.Release|Any CPU.Build.0 = Release|Any CPU
		{452A037A-1D7B-4C4E-B0E1-E0546DC620BC}.Release|Mixed Platforms.ActiveCfg = Release|Any CPU
		{452A037A-1D7B-4C4E-B0E1-E0546DC620BC}.Release|Mixed Platforms.Build.0 = Release|Any CPU
		{452A037A-1D7B-4C4E-B0E1-E0546DC620BC}.Release|Win32.ActiveCfg = Release|Any CPU
		{452A037A-1D7B-4C4E-B0E1-E0546DC620BC}.Release|x86.ActiveCfg = Release|Any CPU
	EndGlobalSection
	GlobalSection(SolutionProperties) = preSolution
		HideSolutionNode = FALSE
	EndGlobalSection
	GlobalSection(NestedProjects) = preSolution
		{21F131F9-56F2-4339-A625-EDB4A3F086D1} = {8F5D6C03-303F-4E19-B396-0B9198056910}
		{760C6B5A-5259-453B-BFF4-1AC6F8C8193C} = {8F5D6C03-303F-4E19-B396-0B9198056910}
		{2BAE1E42-8103-43DB-B9E6-5828B45FE746} = {8F5D6C03-303F-4E19-B396-0B9198056910}
		{DB944580-0C17-4BE7-984F-AE17171A4C7A} = {8F5D6C03-303F-4E19-B396-0B9198056910}
		{40B64A39-4ADD-492C-994A-9C28B4E59A88} = {8F5D6C03-303F-4E19-B396-0B9198056910}
		{D62B7AA2-1D1C-4C37-B45E-E762A7AF0E90} = {8F5D6C03-303F-4E19-B396-0B9198056910}
		{FA6E0A6F-9595-4F47-9866-0B6D21483B5B} = {8F5D6C03-303F-4E19-B396-0B9198056910}
		{40F3228B-D4A1-42D0-AABF-E48451D31806} = {8F5D6C03-303F-4E19-B396-0B9198056910}
		{2BC67C14-10D8-48C1-B1E3-B9C06EFD7029} = {8F5D6C03-303F-4E19-B396-0B9198056910}
		{B94FDED3-00F2-43F0-9298-111273721BA4} = {8F5D6C03-303F-4E19-B396-0B9198056910}
		{6F53CF8A-F8FF-418D-AC5B-09786340D4B2} = {8F5D6C03-303F-4E19-B396-0B9198056910}
		{452A037A-1D7B-4C4E-B0E1-E0546DC620BC} = {8F5D6C03-303F-4E19-B396-0B9198056910}
	EndGlobalSection
EndGlobal
